Microsoft Visual Studio Solution File, Format Version 12.00
# Visual Studio Version 16
VisualStudioVersion = 16.0.31019.35
MinimumVisualStudioVersion = 15.0.26124.0
Project("{9A19103F-16F7-4668-BE54-9A1E7A4F7556}") = "MVC", "MVC\MVC.csproj", "{008C4B80-D762-4356-BAC6-A0CA4AF57DE4}"
	ProjectSection(ProjectDependencies) = postProject
		{1B6DE50C-64FD-4411-A31E-D9316E0B9F48} = {1B6DE50C-64FD-4411-A31E-D9316E0B9F48}
		{E65B0D68-9FAB-4327-8790-31C446055E33} = {E65B0D68-9FAB-4327-8790-31C446055E33}
	EndProjectSection
EndProject
Project("{FAE04EC0-301F-11D3-BF4B-00C04F79EFBC}") = "CMSApp", "CMS\CMSApp.csproj", "{BB8817AE-48DF-4672-A1CB-CFB7441B88DA}"
	ProjectSection(ProjectDependencies) = postProject
		{1B6DE50C-64FD-4411-A31E-D9316E0B9F48} = {1B6DE50C-64FD-4411-A31E-D9316E0B9F48}
		{E65B0D68-9FAB-4327-8790-31C446055E33} = {E65B0D68-9FAB-4327-8790-31C446055E33}
	EndProjectSection
EndProject
Project("{9A19103F-16F7-4668-BE54-9A1E7A4F7556}") = "XperienceAdapter", "XperienceAdapter\XperienceAdapter.csproj", "{F4635EF7-1614-47C9-83AE-8B73A6753B22}"
EndProject
Project("{9A19103F-16F7-4668-BE54-9A1E7A4F7556}") = "Core", "Core\Core.csproj", "{006F46ED-F741-4C2F-891B-F0C4576ECD20}"
EndProject
Project("{FAE04EC0-301F-11D3-BF4B-00C04F79EFBC}") = "URLRedirection", "URLRedirection\URLRedirection.csproj", "{3B9E3285-571E-423E-9122-1C7337059703}"
EndProject
Project("{FAE04EC0-301F-11D3-BF4B-00C04F79EFBC}") = "Alerts", "Alerts\Alerts.csproj", "{3A432FB0-BC60-4B3D-AF8C-F546CD14862F}"
EndProject
Project("{FAE04EC0-301F-11D3-BF4B-00C04F79EFBC}") = "TeamMembers", "TeamMembers\TeamMembers.csproj", "{E65B0D68-9FAB-4327-8790-31C446055E33}"
EndProject
Project("{FAE04EC0-301F-11D3-BF4B-00C04F79EFBC}") = "Locations", "Locations\Locations.csproj", "{1B6DE50C-64FD-4411-A31E-D9316E0B9F48}"
EndProject
Project("{FAE04EC0-301F-11D3-BF4B-00C04F79EFBC}") = "Events", "Events\Events.csproj", "{EA162E66-BB0F-4381-8EFD-0D35940126C4}"
EndProject
Global
	GlobalSection(SolutionConfigurationPlatforms) = preSolution
		Debug|Any CPU = Debug|Any CPU
		Debug|x64 = Debug|x64
		Debug|x86 = Debug|x86
		dev|Any CPU = dev|Any CPU
		dev|x64 = dev|x64
		dev|x86 = dev|x86
		prod|Any CPU = prod|Any CPU
		prod|x64 = prod|x64
		prod|x86 = prod|x86
		Release|Any CPU = Release|Any CPU
		Release|x64 = Release|x64
		Release|x86 = Release|x86
		stage|Any CPU = stage|Any CPU
		stage|x64 = stage|x64
		stage|x86 = stage|x86
	EndGlobalSection
	GlobalSection(ProjectConfigurationPlatforms) = postSolution
		{008C4B80-D762-4356-BAC6-A0CA4AF57DE4}.Debug|Any CPU.ActiveCfg = Debug|Any CPU
		{008C4B80-D762-4356-BAC6-A0CA4AF57DE4}.Debug|Any CPU.Build.0 = Debug|Any CPU
		{008C4B80-D762-4356-BAC6-A0CA4AF57DE4}.Debug|x64.ActiveCfg = Debug|Any CPU
		{008C4B80-D762-4356-BAC6-A0CA4AF57DE4}.Debug|x64.Build.0 = Debug|Any CPU
		{008C4B80-D762-4356-BAC6-A0CA4AF57DE4}.Debug|x86.ActiveCfg = Debug|Any CPU
		{008C4B80-D762-4356-BAC6-A0CA4AF57DE4}.Debug|x86.Build.0 = Debug|Any CPU
		{008C4B80-D762-4356-BAC6-A0CA4AF57DE4}.dev|Any CPU.ActiveCfg = dev|Any CPU
		{008C4B80-D762-4356-BAC6-A0CA4AF57DE4}.dev|Any CPU.Build.0 = dev|Any CPU
		{008C4B80-D762-4356-BAC6-A0CA4AF57DE4}.dev|x64.ActiveCfg = dev|Any CPU
		{008C4B80-D762-4356-BAC6-A0CA4AF57DE4}.dev|x64.Build.0 = dev|Any CPU
		{008C4B80-D762-4356-BAC6-A0CA4AF57DE4}.dev|x86.ActiveCfg = dev|Any CPU
		{008C4B80-D762-4356-BAC6-A0CA4AF57DE4}.dev|x86.Build.0 = dev|Any CPU
		{008C4B80-D762-4356-BAC6-A0CA4AF57DE4}.prod|Any CPU.ActiveCfg = prod|Any CPU
		{008C4B80-D762-4356-BAC6-A0CA4AF57DE4}.prod|Any CPU.Build.0 = prod|Any CPU
		{008C4B80-D762-4356-BAC6-A0CA4AF57DE4}.prod|x64.ActiveCfg = prod|Any CPU
		{008C4B80-D762-4356-BAC6-A0CA4AF57DE4}.prod|x64.Build.0 = prod|Any CPU
		{008C4B80-D762-4356-BAC6-A0CA4AF57DE4}.prod|x86.ActiveCfg = prod|Any CPU
		{008C4B80-D762-4356-BAC6-A0CA4AF57DE4}.prod|x86.Build.0 = prod|Any CPU
		{008C4B80-D762-4356-BAC6-A0CA4AF57DE4}.Release|Any CPU.ActiveCfg = Release|Any CPU
		{008C4B80-D762-4356-BAC6-A0CA4AF57DE4}.Release|Any CPU.Build.0 = Release|Any CPU
		{008C4B80-D762-4356-BAC6-A0CA4AF57DE4}.Release|x64.ActiveCfg = Release|Any CPU
		{008C4B80-D762-4356-BAC6-A0CA4AF57DE4}.Release|x64.Build.0 = Release|Any CPU
		{008C4B80-D762-4356-BAC6-A0CA4AF57DE4}.Release|x86.ActiveCfg = Release|Any CPU
		{008C4B80-D762-4356-BAC6-A0CA4AF57DE4}.Release|x86.Build.0 = Release|Any CPU
		{008C4B80-D762-4356-BAC6-A0CA4AF57DE4}.stage|Any CPU.ActiveCfg = stage|Any CPU
		{008C4B80-D762-4356-BAC6-A0CA4AF57DE4}.stage|Any CPU.Build.0 = stage|Any CPU
		{008C4B80-D762-4356-BAC6-A0CA4AF57DE4}.stage|x64.ActiveCfg = stage|Any CPU
		{008C4B80-D762-4356-BAC6-A0CA4AF57DE4}.stage|x64.Build.0 = stage|Any CPU
		{008C4B80-D762-4356-BAC6-A0CA4AF57DE4}.stage|x86.ActiveCfg = stage|Any CPU
		{008C4B80-D762-4356-BAC6-A0CA4AF57DE4}.stage|x86.Build.0 = stage|Any CPU
		{BB8817AE-48DF-4672-A1CB-CFB7441B88DA}.Debug|Any CPU.ActiveCfg = Debug|Any CPU
		{BB8817AE-48DF-4672-A1CB-CFB7441B88DA}.Debug|Any CPU.Build.0 = Debug|Any CPU
		{BB8817AE-48DF-4672-A1CB-CFB7441B88DA}.Debug|x64.ActiveCfg = Debug|Any CPU
		{BB8817AE-48DF-4672-A1CB-CFB7441B88DA}.Debug|x64.Build.0 = Debug|Any CPU
		{BB8817AE-48DF-4672-A1CB-CFB7441B88DA}.Debug|x86.ActiveCfg = Debug|Any CPU
		{BB8817AE-48DF-4672-A1CB-CFB7441B88DA}.Debug|x86.Build.0 = Debug|Any CPU
		{BB8817AE-48DF-4672-A1CB-CFB7441B88DA}.dev|Any CPU.ActiveCfg = dev|Any CPU
		{BB8817AE-48DF-4672-A1CB-CFB7441B88DA}.dev|Any CPU.Build.0 = dev|Any CPU
		{BB8817AE-48DF-4672-A1CB-CFB7441B88DA}.dev|x64.ActiveCfg = dev|Any CPU
		{BB8817AE-48DF-4672-A1CB-CFB7441B88DA}.dev|x64.Build.0 = dev|Any CPU
		{BB8817AE-48DF-4672-A1CB-CFB7441B88DA}.dev|x86.ActiveCfg = dev|Any CPU
		{BB8817AE-48DF-4672-A1CB-CFB7441B88DA}.dev|x86.Build.0 = dev|Any CPU
		{BB8817AE-48DF-4672-A1CB-CFB7441B88DA}.prod|Any CPU.ActiveCfg = prod|Any CPU
		{BB8817AE-48DF-4672-A1CB-CFB7441B88DA}.prod|Any CPU.Build.0 = prod|Any CPU
		{BB8817AE-48DF-4672-A1CB-CFB7441B88DA}.prod|x64.ActiveCfg = prod|Any CPU
		{BB8817AE-48DF-4672-A1CB-CFB7441B88DA}.prod|x64.Build.0 = prod|Any CPU
		{BB8817AE-48DF-4672-A1CB-CFB7441B88DA}.prod|x86.ActiveCfg = prod|Any CPU
		{BB8817AE-48DF-4672-A1CB-CFB7441B88DA}.prod|x86.Build.0 = prod|Any CPU
		{BB8817AE-48DF-4672-A1CB-CFB7441B88DA}.Release|Any CPU.ActiveCfg = Release|Any CPU
		{BB8817AE-48DF-4672-A1CB-CFB7441B88DA}.Release|Any CPU.Build.0 = Release|Any CPU
		{BB8817AE-48DF-4672-A1CB-CFB7441B88DA}.Release|x64.ActiveCfg = Release|Any CPU
		{BB8817AE-48DF-4672-A1CB-CFB7441B88DA}.Release|x64.Build.0 = Release|Any CPU
		{BB8817AE-48DF-4672-A1CB-CFB7441B88DA}.Release|x86.ActiveCfg = Release|Any CPU
		{BB8817AE-48DF-4672-A1CB-CFB7441B88DA}.Release|x86.Build.0 = Release|Any CPU
		{BB8817AE-48DF-4672-A1CB-CFB7441B88DA}.stage|Any CPU.ActiveCfg = stage|Any CPU
		{BB8817AE-48DF-4672-A1CB-CFB7441B88DA}.stage|Any CPU.Build.0 = stage|Any CPU
		{BB8817AE-48DF-4672-A1CB-CFB7441B88DA}.stage|x64.ActiveCfg = stage|Any CPU
		{BB8817AE-48DF-4672-A1CB-CFB7441B88DA}.stage|x64.Build.0 = stage|Any CPU
		{BB8817AE-48DF-4672-A1CB-CFB7441B88DA}.stage|x86.ActiveCfg = stage|Any CPU
		{BB8817AE-48DF-4672-A1CB-CFB7441B88DA}.stage|x86.Build.0 = stage|Any CPU
		{F4635EF7-1614-47C9-83AE-8B73A6753B22}.Debug|Any CPU.ActiveCfg = Debug|Any CPU
		{F4635EF7-1614-47C9-83AE-8B73A6753B22}.Debug|Any CPU.Build.0 = Debug|Any CPU
		{F4635EF7-1614-47C9-83AE-8B73A6753B22}.Debug|x64.ActiveCfg = Debug|Any CPU
		{F4635EF7-1614-47C9-83AE-8B73A6753B22}.Debug|x64.Build.0 = Debug|Any CPU
		{F4635EF7-1614-47C9-83AE-8B73A6753B22}.Debug|x86.ActiveCfg = Debug|Any CPU
		{F4635EF7-1614-47C9-83AE-8B73A6753B22}.Debug|x86.Build.0 = Debug|Any CPU
		{F4635EF7-1614-47C9-83AE-8B73A6753B22}.dev|Any CPU.ActiveCfg = dev|Any CPU
		{F4635EF7-1614-47C9-83AE-8B73A6753B22}.dev|Any CPU.Build.0 = dev|Any CPU
		{F4635EF7-1614-47C9-83AE-8B73A6753B22}.dev|x64.ActiveCfg = dev|Any CPU
		{F4635EF7-1614-47C9-83AE-8B73A6753B22}.dev|x64.Build.0 = dev|Any CPU
		{F4635EF7-1614-47C9-83AE-8B73A6753B22}.dev|x86.ActiveCfg = dev|Any CPU
		{F4635EF7-1614-47C9-83AE-8B73A6753B22}.dev|x86.Build.0 = dev|Any CPU
		{F4635EF7-1614-47C9-83AE-8B73A6753B22}.prod|Any CPU.ActiveCfg = prod|Any CPU
		{F4635EF7-1614-47C9-83AE-8B73A6753B22}.prod|Any CPU.Build.0 = prod|Any CPU
		{F4635EF7-1614-47C9-83AE-8B73A6753B22}.prod|x64.ActiveCfg = prod|Any CPU
		{F4635EF7-1614-47C9-83AE-8B73A6753B22}.prod|x64.Build.0 = prod|Any CPU
		{F4635EF7-1614-47C9-83AE-8B73A6753B22}.prod|x86.ActiveCfg = prod|Any CPU
		{F4635EF7-1614-47C9-83AE-8B73A6753B22}.prod|x86.Build.0 = prod|Any CPU
		{F4635EF7-1614-47C9-83AE-8B73A6753B22}.Release|Any CPU.ActiveCfg = Release|Any CPU
		{F4635EF7-1614-47C9-83AE-8B73A6753B22}.Release|Any CPU.Build.0 = Release|Any CPU
		{F4635EF7-1614-47C9-83AE-8B73A6753B22}.Release|x64.ActiveCfg = Release|Any CPU
		{F4635EF7-1614-47C9-83AE-8B73A6753B22}.Release|x64.Build.0 = Release|Any CPU
		{F4635EF7-1614-47C9-83AE-8B73A6753B22}.Release|x86.ActiveCfg = Release|Any CPU
		{F4635EF7-1614-47C9-83AE-8B73A6753B22}.Release|x86.Build.0 = Release|Any CPU
		{F4635EF7-1614-47C9-83AE-8B73A6753B22}.stage|Any CPU.ActiveCfg = stage|Any CPU
		{F4635EF7-1614-47C9-83AE-8B73A6753B22}.stage|Any CPU.Build.0 = stage|Any CPU
		{F4635EF7-1614-47C9-83AE-8B73A6753B22}.stage|x64.ActiveCfg = stage|Any CPU
		{F4635EF7-1614-47C9-83AE-8B73A6753B22}.stage|x64.Build.0 = stage|Any CPU
		{F4635EF7-1614-47C9-83AE-8B73A6753B22}.stage|x86.ActiveCfg = stage|Any CPU
		{F4635EF7-1614-47C9-83AE-8B73A6753B22}.stage|x86.Build.0 = stage|Any CPU
		{006F46ED-F741-4C2F-891B-F0C4576ECD20}.Debug|Any CPU.ActiveCfg = Debug|Any CPU
		{006F46ED-F741-4C2F-891B-F0C4576ECD20}.Debug|Any CPU.Build.0 = Debug|Any CPU
		{006F46ED-F741-4C2F-891B-F0C4576ECD20}.Debug|x64.ActiveCfg = Debug|Any CPU
		{006F46ED-F741-4C2F-891B-F0C4576ECD20}.Debug|x64.Build.0 = Debug|Any CPU
		{006F46ED-F741-4C2F-891B-F0C4576ECD20}.Debug|x86.ActiveCfg = Debug|Any CPU
		{006F46ED-F741-4C2F-891B-F0C4576ECD20}.Debug|x86.Build.0 = Debug|Any CPU
		{006F46ED-F741-4C2F-891B-F0C4576ECD20}.dev|Any CPU.ActiveCfg = dev|Any CPU
		{006F46ED-F741-4C2F-891B-F0C4576ECD20}.dev|Any CPU.Build.0 = dev|Any CPU
		{006F46ED-F741-4C2F-891B-F0C4576ECD20}.dev|x64.ActiveCfg = dev|Any CPU
		{006F46ED-F741-4C2F-891B-F0C4576ECD20}.dev|x64.Build.0 = dev|Any CPU
		{006F46ED-F741-4C2F-891B-F0C4576ECD20}.dev|x86.ActiveCfg = dev|Any CPU
		{006F46ED-F741-4C2F-891B-F0C4576ECD20}.dev|x86.Build.0 = dev|Any CPU
		{006F46ED-F741-4C2F-891B-F0C4576ECD20}.prod|Any CPU.ActiveCfg = prod|Any CPU
		{006F46ED-F741-4C2F-891B-F0C4576ECD20}.prod|Any CPU.Build.0 = prod|Any CPU
		{006F46ED-F741-4C2F-891B-F0C4576ECD20}.prod|x64.ActiveCfg = prod|Any CPU
		{006F46ED-F741-4C2F-891B-F0C4576ECD20}.prod|x64.Build.0 = prod|Any CPU
		{006F46ED-F741-4C2F-891B-F0C4576ECD20}.prod|x86.ActiveCfg = prod|Any CPU
		{006F46ED-F741-4C2F-891B-F0C4576ECD20}.prod|x86.Build.0 = prod|Any CPU
		{006F46ED-F741-4C2F-891B-F0C4576ECD20}.Release|Any CPU.ActiveCfg = Release|Any CPU
		{006F46ED-F741-4C2F-891B-F0C4576ECD20}.Release|Any CPU.Build.0 = Release|Any CPU
		{006F46ED-F741-4C2F-891B-F0C4576ECD20}.Release|x64.ActiveCfg = Release|Any CPU
		{006F46ED-F741-4C2F-891B-F0C4576ECD20}.Release|x64.Build.0 = Release|Any CPU
		{006F46ED-F741-4C2F-891B-F0C4576ECD20}.Release|x86.ActiveCfg = Release|Any CPU
		{006F46ED-F741-4C2F-891B-F0C4576ECD20}.Release|x86.Build.0 = Release|Any CPU
		{006F46ED-F741-4C2F-891B-F0C4576ECD20}.stage|Any CPU.ActiveCfg = stage|Any CPU
		{006F46ED-F741-4C2F-891B-F0C4576ECD20}.stage|Any CPU.Build.0 = stage|Any CPU
		{006F46ED-F741-4C2F-891B-F0C4576ECD20}.stage|x64.ActiveCfg = stage|Any CPU
		{006F46ED-F741-4C2F-891B-F0C4576ECD20}.stage|x64.Build.0 = stage|Any CPU
		{006F46ED-F741-4C2F-891B-F0C4576ECD20}.stage|x86.ActiveCfg = stage|Any CPU
		{006F46ED-F741-4C2F-891B-F0C4576ECD20}.stage|x86.Build.0 = stage|Any CPU
		{3B9E3285-571E-423E-9122-1C7337059703}.Debug|Any CPU.ActiveCfg = Debug|Any CPU
		{3B9E3285-571E-423E-9122-1C7337059703}.Debug|Any CPU.Build.0 = Debug|Any CPU
		{3B9E3285-571E-423E-9122-1C7337059703}.Debug|x64.ActiveCfg = Debug|Any CPU
		{3B9E3285-571E-423E-9122-1C7337059703}.Debug|x64.Build.0 = Debug|Any CPU
		{3B9E3285-571E-423E-9122-1C7337059703}.Debug|x86.ActiveCfg = Debug|Any CPU
		{3B9E3285-571E-423E-9122-1C7337059703}.Debug|x86.Build.0 = Debug|Any CPU
		{3B9E3285-571E-423E-9122-1C7337059703}.dev|Any CPU.ActiveCfg = dev|Any CPU
		{3B9E3285-571E-423E-9122-1C7337059703}.dev|Any CPU.Build.0 = dev|Any CPU
		{3B9E3285-571E-423E-9122-1C7337059703}.dev|x64.ActiveCfg = dev|Any CPU
		{3B9E3285-571E-423E-9122-1C7337059703}.dev|x64.Build.0 = dev|Any CPU
		{3B9E3285-571E-423E-9122-1C7337059703}.dev|x86.ActiveCfg = dev|Any CPU
		{3B9E3285-571E-423E-9122-1C7337059703}.dev|x86.Build.0 = dev|Any CPU
		{3B9E3285-571E-423E-9122-1C7337059703}.prod|Any CPU.ActiveCfg = prod|Any CPU
		{3B9E3285-571E-423E-9122-1C7337059703}.prod|Any CPU.Build.0 = prod|Any CPU
		{3B9E3285-571E-423E-9122-1C7337059703}.prod|x64.ActiveCfg = prod|Any CPU
		{3B9E3285-571E-423E-9122-1C7337059703}.prod|x64.Build.0 = prod|Any CPU
		{3B9E3285-571E-423E-9122-1C7337059703}.prod|x86.ActiveCfg = prod|Any CPU
		{3B9E3285-571E-423E-9122-1C7337059703}.prod|x86.Build.0 = prod|Any CPU
		{3B9E3285-571E-423E-9122-1C7337059703}.Release|Any CPU.ActiveCfg = Release|Any CPU
		{3B9E3285-571E-423E-9122-1C7337059703}.Release|Any CPU.Build.0 = Release|Any CPU
		{3B9E3285-571E-423E-9122-1C7337059703}.Release|x64.ActiveCfg = Release|Any CPU
		{3B9E3285-571E-423E-9122-1C7337059703}.Release|x64.Build.0 = Release|Any CPU
		{3B9E3285-571E-423E-9122-1C7337059703}.Release|x86.ActiveCfg = Release|Any CPU
		{3B9E3285-571E-423E-9122-1C7337059703}.Release|x86.Build.0 = Release|Any CPU
		{3B9E3285-571E-423E-9122-1C7337059703}.stage|Any CPU.ActiveCfg = stage|Any CPU
		{3B9E3285-571E-423E-9122-1C7337059703}.stage|Any CPU.Build.0 = stage|Any CPU
		{3B9E3285-571E-423E-9122-1C7337059703}.stage|x64.ActiveCfg = stage|Any CPU
		{3B9E3285-571E-423E-9122-1C7337059703}.stage|x64.Build.0 = stage|Any CPU
		{3B9E3285-571E-423E-9122-1C7337059703}.stage|x86.ActiveCfg = stage|Any CPU
		{3B9E3285-571E-423E-9122-1C7337059703}.stage|x86.Build.0 = stage|Any CPU
		{3A432FB0-BC60-4B3D-AF8C-F546CD14862F}.Debug|Any CPU.ActiveCfg = Debug|Any CPU
		{3A432FB0-BC60-4B3D-AF8C-F546CD14862F}.Debug|Any CPU.Build.0 = Debug|Any CPU
		{3A432FB0-BC60-4B3D-AF8C-F546CD14862F}.Debug|x64.ActiveCfg = Debug|Any CPU
		{3A432FB0-BC60-4B3D-AF8C-F546CD14862F}.Debug|x64.Build.0 = Debug|Any CPU
		{3A432FB0-BC60-4B3D-AF8C-F546CD14862F}.Debug|x86.ActiveCfg = Debug|Any CPU
		{3A432FB0-BC60-4B3D-AF8C-F546CD14862F}.Debug|x86.Build.0 = Debug|Any CPU
		{3A432FB0-BC60-4B3D-AF8C-F546CD14862F}.dev|Any CPU.ActiveCfg = dev|Any CPU
		{3A432FB0-BC60-4B3D-AF8C-F546CD14862F}.dev|Any CPU.Build.0 = dev|Any CPU
		{3A432FB0-BC60-4B3D-AF8C-F546CD14862F}.dev|x64.ActiveCfg = dev|Any CPU
		{3A432FB0-BC60-4B3D-AF8C-F546CD14862F}.dev|x64.Build.0 = dev|Any CPU
		{3A432FB0-BC60-4B3D-AF8C-F546CD14862F}.dev|x86.ActiveCfg = dev|Any CPU
		{3A432FB0-BC60-4B3D-AF8C-F546CD14862F}.dev|x86.Build.0 = dev|Any CPU
		{3A432FB0-BC60-4B3D-AF8C-F546CD14862F}.prod|Any CPU.ActiveCfg = prod|Any CPU
		{3A432FB0-BC60-4B3D-AF8C-F546CD14862F}.prod|Any CPU.Build.0 = prod|Any CPU
		{3A432FB0-BC60-4B3D-AF8C-F546CD14862F}.prod|x64.ActiveCfg = prod|Any CPU
		{3A432FB0-BC60-4B3D-AF8C-F546CD14862F}.prod|x64.Build.0 = prod|Any CPU
		{3A432FB0-BC60-4B3D-AF8C-F546CD14862F}.prod|x86.ActiveCfg = prod|Any CPU
		{3A432FB0-BC60-4B3D-AF8C-F546CD14862F}.prod|x86.Build.0 = prod|Any CPU
		{3A432FB0-BC60-4B3D-AF8C-F546CD14862F}.Release|Any CPU.ActiveCfg = Release|Any CPU
		{3A432FB0-BC60-4B3D-AF8C-F546CD14862F}.Release|Any CPU.Build.0 = Release|Any CPU
		{3A432FB0-BC60-4B3D-AF8C-F546CD14862F}.Release|x64.ActiveCfg = Release|Any CPU
		{3A432FB0-BC60-4B3D-AF8C-F546CD14862F}.Release|x64.Build.0 = Release|Any CPU
		{3A432FB0-BC60-4B3D-AF8C-F546CD14862F}.Release|x86.ActiveCfg = Release|Any CPU
		{3A432FB0-BC60-4B3D-AF8C-F546CD14862F}.Release|x86.Build.0 = Release|Any CPU
		{3A432FB0-BC60-4B3D-AF8C-F546CD14862F}.stage|Any CPU.ActiveCfg = stage|Any CPU
		{3A432FB0-BC60-4B3D-AF8C-F546CD14862F}.stage|Any CPU.Build.0 = stage|Any CPU
		{3A432FB0-BC60-4B3D-AF8C-F546CD14862F}.stage|x64.ActiveCfg = stage|Any CPU
		{3A432FB0-BC60-4B3D-AF8C-F546CD14862F}.stage|x64.Build.0 = stage|Any CPU
		{3A432FB0-BC60-4B3D-AF8C-F546CD14862F}.stage|x86.ActiveCfg = stage|Any CPU
		{3A432FB0-BC60-4B3D-AF8C-F546CD14862F}.stage|x86.Build.0 = stage|Any CPU
		{E65B0D68-9FAB-4327-8790-31C446055E33}.Debug|Any CPU.ActiveCfg = Debug|Any CPU
		{E65B0D68-9FAB-4327-8790-31C446055E33}.Debug|Any CPU.Build.0 = Debug|Any CPU
		{E65B0D68-9FAB-4327-8790-31C446055E33}.Debug|x64.ActiveCfg = Debug|Any CPU
		{E65B0D68-9FAB-4327-8790-31C446055E33}.Debug|x64.Build.0 = Debug|Any CPU
		{E65B0D68-9FAB-4327-8790-31C446055E33}.Debug|x86.ActiveCfg = Debug|Any CPU
		{E65B0D68-9FAB-4327-8790-31C446055E33}.Debug|x86.Build.0 = Debug|Any CPU
		{E65B0D68-9FAB-4327-8790-31C446055E33}.dev|Any CPU.ActiveCfg = dev|Any CPU
		{E65B0D68-9FAB-4327-8790-31C446055E33}.dev|Any CPU.Build.0 = dev|Any CPU
		{E65B0D68-9FAB-4327-8790-31C446055E33}.dev|x64.ActiveCfg = dev|Any CPU
		{E65B0D68-9FAB-4327-8790-31C446055E33}.dev|x64.Build.0 = dev|Any CPU
		{E65B0D68-9FAB-4327-8790-31C446055E33}.dev|x86.ActiveCfg = dev|Any CPU
		{E65B0D68-9FAB-4327-8790-31C446055E33}.dev|x86.Build.0 = dev|Any CPU
		{E65B0D68-9FAB-4327-8790-31C446055E33}.prod|Any CPU.ActiveCfg = prod|Any CPU
		{E65B0D68-9FAB-4327-8790-31C446055E33}.prod|Any CPU.Build.0 = prod|Any CPU
		{E65B0D68-9FAB-4327-8790-31C446055E33}.prod|x64.ActiveCfg = prod|Any CPU
		{E65B0D68-9FAB-4327-8790-31C446055E33}.prod|x64.Build.0 = prod|Any CPU
		{E65B0D68-9FAB-4327-8790-31C446055E33}.prod|x86.ActiveCfg = prod|Any CPU
		{E65B0D68-9FAB-4327-8790-31C446055E33}.prod|x86.Build.0 = prod|Any CPU
		{E65B0D68-9FAB-4327-8790-31C446055E33}.Release|Any CPU.ActiveCfg = Release|Any CPU
		{E65B0D68-9FAB-4327-8790-31C446055E33}.Release|Any CPU.Build.0 = Release|Any CPU
		{E65B0D68-9FAB-4327-8790-31C446055E33}.Release|x64.ActiveCfg = Release|Any CPU
		{E65B0D68-9FAB-4327-8790-31C446055E33}.Release|x64.Build.0 = Release|Any CPU
		{E65B0D68-9FAB-4327-8790-31C446055E33}.Release|x86.ActiveCfg = Release|Any CPU
		{E65B0D68-9FAB-4327-8790-31C446055E33}.Release|x86.Build.0 = Release|Any CPU
		{E65B0D68-9FAB-4327-8790-31C446055E33}.stage|Any CPU.ActiveCfg = stage|Any CPU
		{E65B0D68-9FAB-4327-8790-31C446055E33}.stage|Any CPU.Build.0 = stage|Any CPU
		{E65B0D68-9FAB-4327-8790-31C446055E33}.stage|x64.ActiveCfg = stage|Any CPU
		{E65B0D68-9FAB-4327-8790-31C446055E33}.stage|x64.Build.0 = stage|Any CPU
		{E65B0D68-9FAB-4327-8790-31C446055E33}.stage|x86.ActiveCfg = stage|Any CPU
		{E65B0D68-9FAB-4327-8790-31C446055E33}.stage|x86.Build.0 = stage|Any CPU
		{1B6DE50C-64FD-4411-A31E-D9316E0B9F48}.Debug|Any CPU.ActiveCfg = Debug|Any CPU
		{1B6DE50C-64FD-4411-A31E-D9316E0B9F48}.Debug|Any CPU.Build.0 = Debug|Any CPU
		{1B6DE50C-64FD-4411-A31E-D9316E0B9F48}.Debug|x64.ActiveCfg = Debug|Any CPU
		{1B6DE50C-64FD-4411-A31E-D9316E0B9F48}.Debug|x64.Build.0 = Debug|Any CPU
		{1B6DE50C-64FD-4411-A31E-D9316E0B9F48}.Debug|x86.ActiveCfg = Debug|Any CPU
		{1B6DE50C-64FD-4411-A31E-D9316E0B9F48}.Debug|x86.Build.0 = Debug|Any CPU
		{1B6DE50C-64FD-4411-A31E-D9316E0B9F48}.dev|Any CPU.ActiveCfg = dev|Any CPU
		{1B6DE50C-64FD-4411-A31E-D9316E0B9F48}.dev|Any CPU.Build.0 = dev|Any CPU
		{1B6DE50C-64FD-4411-A31E-D9316E0B9F48}.dev|x64.ActiveCfg = dev|Any CPU
		{1B6DE50C-64FD-4411-A31E-D9316E0B9F48}.dev|x64.Build.0 = dev|Any CPU
		{1B6DE50C-64FD-4411-A31E-D9316E0B9F48}.dev|x86.ActiveCfg = dev|Any CPU
		{1B6DE50C-64FD-4411-A31E-D9316E0B9F48}.dev|x86.Build.0 = dev|Any CPU
		{1B6DE50C-64FD-4411-A31E-D9316E0B9F48}.prod|Any CPU.ActiveCfg = prod|Any CPU
		{1B6DE50C-64FD-4411-A31E-D9316E0B9F48}.prod|Any CPU.Build.0 = prod|Any CPU
		{1B6DE50C-64FD-4411-A31E-D9316E0B9F48}.prod|x64.ActiveCfg = prod|Any CPU
		{1B6DE50C-64FD-4411-A31E-D9316E0B9F48}.prod|x64.Build.0 = prod|Any CPU
		{1B6DE50C-64FD-4411-A31E-D9316E0B9F48}.prod|x86.ActiveCfg = prod|Any CPU
		{1B6DE50C-64FD-4411-A31E-D9316E0B9F48}.prod|x86.Build.0 = prod|Any CPU
		{1B6DE50C-64FD-4411-A31E-D9316E0B9F48}.Release|Any CPU.ActiveCfg = Release|Any CPU
		{1B6DE50C-64FD-4411-A31E-D9316E0B9F48}.Release|Any CPU.Build.0 = Release|Any CPU
		{1B6DE50C-64FD-4411-A31E-D9316E0B9F48}.Release|x64.ActiveCfg = Release|Any CPU
		{1B6DE50C-64FD-4411-A31E-D9316E0B9F48}.Release|x64.Build.0 = Release|Any CPU
		{1B6DE50C-64FD-4411-A31E-D9316E0B9F48}.Release|x86.ActiveCfg = Release|Any CPU
		{1B6DE50C-64FD-4411-A31E-D9316E0B9F48}.Release|x86.Build.0 = Release|Any CPU
		{1B6DE50C-64FD-4411-A31E-D9316E0B9F48}.stage|Any CPU.ActiveCfg = stage|Any CPU
		{1B6DE50C-64FD-4411-A31E-D9316E0B9F48}.stage|Any CPU.Build.0 = stage|Any CPU
		{1B6DE50C-64FD-4411-A31E-D9316E0B9F48}.stage|x64.ActiveCfg = stage|Any CPU
		{1B6DE50C-64FD-4411-A31E-D9316E0B9F48}.stage|x64.Build.0 = stage|Any CPU
		{1B6DE50C-64FD-4411-A31E-D9316E0B9F48}.stage|x86.ActiveCfg = stage|Any CPU
		{1B6DE50C-64FD-4411-A31E-D9316E0B9F48}.stage|x86.Build.0 = stage|Any CPU
		{EA162E66-BB0F-4381-8EFD-0D35940126C4}.Debug|Any CPU.ActiveCfg = Debug|Any CPU
		{EA162E66-BB0F-4381-8EFD-0D35940126C4}.Debug|Any CPU.Build.0 = Debug|Any CPU
		{EA162E66-BB0F-4381-8EFD-0D35940126C4}.Debug|x64.ActiveCfg = Debug|Any CPU
		{EA162E66-BB0F-4381-8EFD-0D35940126C4}.Debug|x64.Build.0 = Debug|Any CPU
		{EA162E66-BB0F-4381-8EFD-0D35940126C4}.Debug|x86.ActiveCfg = Debug|Any CPU
		{EA162E66-BB0F-4381-8EFD-0D35940126C4}.Debug|x86.Build.0 = Debug|Any CPU
		{EA162E66-BB0F-4381-8EFD-0D35940126C4}.dev|Any CPU.ActiveCfg = Debug|Any CPU
		{EA162E66-BB0F-4381-8EFD-0D35940126C4}.dev|Any CPU.Build.0 = Debug|Any CPU
		{EA162E66-BB0F-4381-8EFD-0D35940126C4}.dev|x64.ActiveCfg = Debug|Any CPU
		{EA162E66-BB0F-4381-8EFD-0D35940126C4}.dev|x64.Build.0 = Debug|Any CPU
		{EA162E66-BB0F-4381-8EFD-0D35940126C4}.dev|x86.ActiveCfg = Debug|Any CPU
		{EA162E66-BB0F-4381-8EFD-0D35940126C4}.dev|x86.Build.0 = Debug|Any CPU
		{EA162E66-BB0F-4381-8EFD-0D35940126C4}.prod|Any CPU.ActiveCfg = Debug|Any CPU
		{EA162E66-BB0F-4381-8EFD-0D35940126C4}.prod|Any CPU.Build.0 = Debug|Any CPU
		{EA162E66-BB0F-4381-8EFD-0D35940126C4}.prod|x64.ActiveCfg = Debug|Any CPU
		{EA162E66-BB0F-4381-8EFD-0D35940126C4}.prod|x64.Build.0 = Debug|Any CPU
		{EA162E66-BB0F-4381-8EFD-0D35940126C4}.prod|x86.ActiveCfg = Debug|Any CPU
		{EA162E66-BB0F-4381-8EFD-0D35940126C4}.prod|x86.Build.0 = Debug|Any CPU
		{EA162E66-BB0F-4381-8EFD-0D35940126C4}.Release|Any CPU.ActiveCfg = Release|Any CPU
		{EA162E66-BB0F-4381-8EFD-0D35940126C4}.Release|Any CPU.Build.0 = Release|Any CPU
		{EA162E66-BB0F-4381-8EFD-0D35940126C4}.Release|x64.ActiveCfg = Release|Any CPU
		{EA162E66-BB0F-4381-8EFD-0D35940126C4}.Release|x64.Build.0 = Release|Any CPU
		{EA162E66-BB0F-4381-8EFD-0D35940126C4}.Release|x86.ActiveCfg = Release|Any CPU
		{EA162E66-BB0F-4381-8EFD-0D35940126C4}.Release|x86.Build.0 = Release|Any CPU
		{EA162E66-BB0F-4381-8EFD-0D35940126C4}.stage|Any CPU.ActiveCfg = Debug|Any CPU
		{EA162E66-BB0F-4381-8EFD-0D35940126C4}.stage|Any CPU.Build.0 = Debug|Any CPU
		{EA162E66-BB0F-4381-8EFD-0D35940126C4}.stage|x64.ActiveCfg = Debug|Any CPU
		{EA162E66-BB0F-4381-8EFD-0D35940126C4}.stage|x64.Build.0 = Debug|Any CPU
		{EA162E66-BB0F-4381-8EFD-0D35940126C4}.stage|x86.ActiveCfg = Debug|Any CPU
		{EA162E66-BB0F-4381-8EFD-0D35940126C4}.stage|x86.Build.0 = Debug|Any CPU
	EndGlobalSection
	GlobalSection(SolutionProperties) = preSolution
		HideSolutionNode = FALSE
	EndGlobalSection
	GlobalSection(ExtensibilityGlobals) = postSolution
		SolutionGuid = {D5C8A42B-F0D5-4594-9401-5BF7875DB0C5}
	EndGlobalSection
EndGlobal
